
Microsoft Visual Studio Solution File, Format Version 12.00
# Visual Studio Version 17
VisualStudioVersion = 17.5.002.0
MinimumVisualStudioVersion = 10.0.40219.1
Project("{2150E333-8FDC-42A3-9474-1A3956D46DE8}") = "docs", "docs", "{73444697-24E4-472C-AFED-C50C4C04CA7D}"
EndProject
Project("{2150E333-8FDC-42A3-9474-1A3956D46DE8}") = "relational-databases", "relational-databases", "{E5AA9FFF-A14D-45F2-A31B-88B73270949C}"
EndProject
Project("{2150E333-8FDC-42A3-9474-1A3956D46DE8}") = "replication", "replication", "{467440B9-D2DB-4E16-A079-48123678DA72}"
EndProject
Project("{2150E333-8FDC-42A3-9474-1A3956D46DE8}") = "codesnippet", "codesnippet", "{8818E3A0-C6E2-46B3-ABCD-785C29F4AA3F}"
EndProject
Project("{2150E333-8FDC-42A3-9474-1A3956D46DE8}") = "csharp", "csharp", "{3CFE7086-4666-48C6-94ED-0B725DD6CEC7}"
EndProject
Project("{9A19103F-16F7-4668-BE54-9A1E7A4F7556}") = "rmohowto", "docs\relational-databases\replication\codesnippet\csharp\rmohowto\rmohowto.csproj", "{2C92A063-5476-450B-99FF-7BB50B1CE844}"
EndProject
Global
	GlobalSection(SolutionConfigurationPlatforms) = preSolution
		Debug|Any CPU = Debug|Any CPU
		Release|Any CPU = Release|Any CPU
	EndGlobalSection
	GlobalSection(ProjectConfigurationPlatforms) = postSolution
		{2C92A063-5476-450B-99FF-7BB50B1CE844}.Debug|Any CPU.ActiveCfg = Debug|Any CPU
		{2C92A063-5476-450B-99FF-7BB50B1CE844}.Debug|Any CPU.Build.0 = Debug|Any CPU
		{2C92A063-5476-450B-99FF-7BB50B1CE844}.Release|Any CPU.ActiveCfg = Release|Any CPU
		{2C92A063-5476-450B-99FF-7BB50B1CE844}.Release|Any CPU.Build.0 = Release|Any CPU
	EndGlobalSection
	GlobalSection(SolutionProperties) = preSolution
		HideSolutionNode = FALSE
	EndGlobalSection
	GlobalSection(NestedProjects) = preSolution
		{E5AA9FFF-A14D-45F2-A31B-88B73270949C} = {73444697-24E4-472C-AFED-C50C4C04CA7D}
		{467440B9-D2DB-4E16-A079-48123678DA72} = {E5AA9FFF-A14D-45F2-A31B-88B73270949C}
		{8818E3A0-C6E2-46B3-ABCD-785C29F4AA3F} = {467440B9-D2DB-4E16-A079-48123678DA72}
		{3CFE7086-4666-48C6-94ED-0B725DD6CEC7} = {8818E3A0-C6E2-46B3-ABCD-785C29F4AA3F}
		{2C92A063-5476-450B-99FF-7BB50B1CE844} = {3CFE7086-4666-48C6-94ED-0B725DD6CEC7}
	EndGlobalSection
	GlobalSection(ExtensibilityGlobals) = postSolution
		SolutionGuid = {843F5EE7-5F23-458A-A59B-ADA00FB8BB4C}
	EndGlobalSection
EndGlobal
