
Microsoft Visual Studio Solution File, Format Version 12.00
# Visual Studio Version 17
VisualStudioVersion = 17.5.002.0
MinimumVisualStudioVersion = 10.0.40219.1
Project("{2150E333-8FDC-42A3-9474-1A3956D46DE8}") = "docs", "docs", "{38DF4BC6-255B-4C51-B551-EEFD424288CA}"
EndProject
Project("{2150E333-8FDC-42A3-9474-1A3956D46DE8}") = "relational-databases", "relational-databases", "{F4B7382A-FA29-4EAC-8EFE-F368E3418C76}"
EndProject
Project("{2150E333-8FDC-42A3-9474-1A3956D46DE8}") = "replication", "replication", "{27574913-1BE3-483A-88AF-CE20C9E25C23}"
EndProject
Project("{2150E333-8FDC-42A3-9474-1A3956D46DE8}") = "codesnippet", "codesnippet", "{B397F149-9CBF-4347-84F7-3F9264B05205}"
EndProject
Project("{2150E333-8FDC-42A3-9474-1A3956D46DE8}") = "csharp", "csharp", "{F6E9A2A0-06FF-4FE0-BDEF-C6999F4BAF3F}"
EndProject
Project("{9A19103F-16F7-4668-BE54-9A1E7A4F7556}") = "rmohowto", "docs\relational-databases\replication\codesnippet\csharp\rmohowto\rmohowto.csproj", "{5ABE5A0B-17F2-4370-9CFA-00756694B37B}"
EndProject
Global
	GlobalSection(SolutionConfigurationPlatforms) = preSolution
		Debug|Any CPU = Debug|Any CPU
		Release|Any CPU = Release|Any CPU
	EndGlobalSection
	GlobalSection(ProjectConfigurationPlatforms) = postSolution
		{5ABE5A0B-17F2-4370-9CFA-00756694B37B}.Debug|Any CPU.ActiveCfg = Debug|Any CPU
		{5ABE5A0B-17F2-4370-9CFA-00756694B37B}.Debug|Any CPU.Build.0 = Debug|Any CPU
		{5ABE5A0B-17F2-4370-9CFA-00756694B37B}.Release|Any CPU.ActiveCfg = Release|Any CPU
		{5ABE5A0B-17F2-4370-9CFA-00756694B37B}.Release|Any CPU.Build.0 = Release|Any CPU
	EndGlobalSection
	GlobalSection(SolutionProperties) = preSolution
		HideSolutionNode = FALSE
	EndGlobalSection
	GlobalSection(NestedProjects) = preSolution
		{F4B7382A-FA29-4EAC-8EFE-F368E3418C76} = {38DF4BC6-255B-4C51-B551-EEFD424288CA}
		{27574913-1BE3-483A-88AF-CE20C9E25C23} = {F4B7382A-FA29-4EAC-8EFE-F368E3418C76}
		{B397F149-9CBF-4347-84F7-3F9264B05205} = {27574913-1BE3-483A-88AF-CE20C9E25C23}
		{F6E9A2A0-06FF-4FE0-BDEF-C6999F4BAF3F} = {B397F149-9CBF-4347-84F7-3F9264B05205}
		{5ABE5A0B-17F2-4370-9CFA-00756694B37B} = {F6E9A2A0-06FF-4FE0-BDEF-C6999F4BAF3F}
	EndGlobalSection
	GlobalSection(ExtensibilityGlobals) = postSolution
		SolutionGuid = {0B5BABF3-3E10-4138-BDCC-0FE5DD44289F}
	EndGlobalSection
EndGlobal
