
Microsoft Visual Studio Solution File, Format Version 9.00
# Visual Studio 2005
Project("{FAE04EC0-301F-11D3-BF4B-00C04F79EFBC}") = "RMOHowTo", "RMOHowTo.csproj", "{3BC1B38D-9AA3-400B-81C5-24ED9A9B28CF}"
EndProject
Project("{FAE04EC0-301F-11D3-BF4B-00C04F79EFBC}") = "BusinessLogicHandler", "..\BLH\BusinessLogicHandler.csproj", "{96B705CE-D09B-4680-8527-6F4CCBE1BC65}"
EndProject
Project("{FAE04EC0-301F-11D3-BF4B-00C04F79EFBC}") = "EMB", "..\EMB\EMB.csproj", "{88AE6CB1-30EA-412F-98D5-46DBEA8FF620}"
EndProject
Global
	GlobalSection(SolutionConfigurationPlatforms) = preSolution
		Debug|Any CPU = Debug|Any CPU
		Release|Any CPU = Release|Any CPU
	EndGlobalSection
	GlobalSection(ProjectConfigurationPlatforms) = postSolution
		{3BC1B38D-9AA3-400B-81C5-24ED9A9B28CF}.Debug|Any CPU.ActiveCfg = Debug|Any CPU
		{3BC1B38D-9AA3-400B-81C5-24ED9A9B28CF}.Debug|Any CPU.Build.0 = Debug|Any CPU
		{3BC1B38D-9AA3-400B-81C5-24ED9A9B28CF}.Release|Any CPU.ActiveCfg = Release|Any CPU
		{3BC1B38D-9AA3-400B-81C5-24ED9A9B28CF}.Release|Any CPU.Build.0 = Release|Any CPU
		{96B705CE-D09B-4680-8527-6F4CCBE1BC65}.Debug|Any CPU.ActiveCfg = Debug|Any CPU
		{96B705CE-D09B-4680-8527-6F4CCBE1BC65}.Debug|Any CPU.Build.0 = Debug|Any CPU
		{96B705CE-D09B-4680-8527-6F4CCBE1BC65}.Release|Any CPU.ActiveCfg = Release|Any CPU
		{96B705CE-D09B-4680-8527-6F4CCBE1BC65}.Release|Any CPU.Build.0 = Release|Any CPU
		{88AE6CB1-30EA-412F-98D5-46DBEA8FF620}.Debug|Any CPU.ActiveCfg = Debug|Any CPU
		{88AE6CB1-30EA-412F-98D5-46DBEA8FF620}.Debug|Any CPU.Build.0 = Debug|Any CPU
		{88AE6CB1-30EA-412F-98D5-46DBEA8FF620}.Release|Any CPU.ActiveCfg = Release|Any CPU
		{88AE6CB1-30EA-412F-98D5-46DBEA8FF620}.Release|Any CPU.Build.0 = Release|Any CPU
	EndGlobalSection
	GlobalSection(SolutionProperties) = preSolution
		HideSolutionNode = FALSE
	EndGlobalSection
EndGlobal
